// !$*UTF8*$!
{
	archiveVersion = 1;
	classes = {
	};
	objectVersion = 48;
	objects = {

/* Begin PBXBuildFile section */
		4F2F2BAF1F19A8E60033D399 /* AppDelegate.swift in Sources */ = {isa = PBXBuildFile; fileRef = 4F2F2BAE1F19A8E60033D399 /* AppDelegate.swift */; };
		4F2F2BB11F19A8E60033D399 /* ViewController.swift in Sources */ = {isa = PBXBuildFile; fileRef = 4F2F2BB01F19A8E60033D399 /* ViewController.swift */; };
		4F2F2BB41F19A8E60033D399 /* Main.storyboard in Resources */ = {isa = PBXBuildFile; fileRef = 4F2F2BB21F19A8E60033D399 /* Main.storyboard */; };
		4F2F2BB61F19A8E60033D399 /* Assets.xcassets in Resources */ = {isa = PBXBuildFile; fileRef = 4F2F2BB51F19A8E60033D399 /* Assets.xcassets */; };
		4F2F2BB91F19A8E60033D399 /* LaunchScreen.storyboard in Resources */ = {isa = PBXBuildFile; fileRef = 4F2F2BB71F19A8E60033D399 /* LaunchScreen.storyboard */; };
		4F2F2BC41F19A8E70033D399 /* FoodTrackerTests.swift in Sources */ = {isa = PBXBuildFile; fileRef = 4F2F2BC31F19A8E70033D399 /* FoodTrackerTests.swift */; };
		4F2F2BCF1F19A8E70033D399 /* FoodTrackerUITests.swift in Sources */ = {isa = PBXBuildFile; fileRef = 4F2F2BCE1F19A8E70033D399 /* FoodTrackerUITests.swift */; };
		4F769F3E1F1EF561003FA23E /* RatingControl.swift in Sources */ = {isa = PBXBuildFile; fileRef = 4F769F3D1F1EF561003FA23E /* RatingControl.swift */; };
		4F769F401F2042F2003FA23E /* Meal.swift in Sources */ = {isa = PBXBuildFile; fileRef = 4F769F3F1F2042F2003FA23E /* Meal.swift */; };
/* End PBXBuildFile section */

/* Begin PBXContainerItemProxy section */
		4F2F2BC01F19A8E70033D399 /* PBXContainerItemProxy */ = {
			isa = PBXContainerItemProxy;
			containerPortal = 4F2F2BA31F19A8E60033D399 /* Project object */;
			proxyType = 1;
			remoteGlobalIDString = 4F2F2BAA1F19A8E60033D399;
			remoteInfo = FoodTracker;
		};
		4F2F2BCB1F19A8E70033D399 /* PBXContainerItemProxy */ = {
			isa = PBXContainerItemProxy;
			containerPortal = 4F2F2BA31F19A8E60033D399 /* Project object */;
			proxyType = 1;
			remoteGlobalIDString = 4F2F2BAA1F19A8E60033D399;
			remoteInfo = FoodTracker;
		};
/* End PBXContainerItemProxy section */

/* Begin PBXFileReference section */
		4F2F2BAB1F19A8E60033D399 /* FoodTracker.app */ = {isa = PBXFileReference; explicitFileType = wrapper.application; includeInIndex = 0; path = FoodTracker.app; sourceTree = BUILT_PRODUCTS_DIR; };
		4F2F2BAE1F19A8E60033D399 /* AppDelegate.swift */ = {isa = PBXFileReference; lastKnownFileType = sourcecode.swift; path = AppDelegate.swift; sourceTree = "<group>"; };
		4F2F2BB01F19A8E60033D399 /* ViewController.swift */ = {isa = PBXFileReference; lastKnownFileType = sourcecode.swift; path = ViewController.swift; sourceTree = "<group>"; };
		4F2F2BB31F19A8E60033D399 /* Base */ = {isa = PBXFileReference; lastKnownFileType = file.storyboard; name = Base; path = Base.lproj/Main.storyboard; sourceTree = "<group>"; };
		4F2F2BB51F19A8E60033D399 /* Assets.xcassets */ = {isa = PBXFileReference; lastKnownFileType = folder.assetcatalog; path = Assets.xcassets; sourceTree = "<group>"; };
		4F2F2BB81F19A8E60033D399 /* Base */ = {isa = PBXFileReference; lastKnownFileType = file.storyboard; name = Base; path = Base.lproj/LaunchScreen.storyboard; sourceTree = "<group>"; };
		4F2F2BBA1F19A8E60033D399 /* Info.plist */ = {isa = PBXFileReference; lastKnownFileType = text.plist.xml; path = Info.plist; sourceTree = "<group>"; };
		4F2F2BBF1F19A8E70033D399 /* FoodTrackerTests.xctest */ = {isa = PBXFileReference; explicitFileType = wrapper.cfbundle; includeInIndex = 0; path = FoodTrackerTests.xctest; sourceTree = BUILT_PRODUCTS_DIR; };
		4F2F2BC31F19A8E70033D399 /* FoodTrackerTests.swift */ = {isa = PBXFileReference; lastKnownFileType = sourcecode.swift; path = FoodTrackerTests.swift; sourceTree = "<group>"; };
		4F2F2BC51F19A8E70033D399 /* Info.plist */ = {isa = PBXFileReference; lastKnownFileType = text.plist.xml; path = Info.plist; sourceTree = "<group>"; };
		4F2F2BCA1F19A8E70033D399 /* FoodTrackerUITests.xctest */ = {isa = PBXFileReference; explicitFileType = wrapper.cfbundle; includeInIndex = 0; path = FoodTrackerUITests.xctest; sourceTree = BUILT_PRODUCTS_DIR; };
		4F2F2BCE1F19A8E70033D399 /* FoodTrackerUITests.swift */ = {isa = PBXFileReference; lastKnownFileType = sourcecode.swift; path = FoodTrackerUITests.swift; sourceTree = "<group>"; };
		4F2F2BD01F19A8E70033D399 /* Info.plist */ = {isa = PBXFileReference; lastKnownFileType = text.plist.xml; path = Info.plist; sourceTree = "<group>"; };
		4F769F3D1F1EF561003FA23E /* RatingControl.swift */ = {isa = PBXFileReference; lastKnownFileType = sourcecode.swift; path = RatingControl.swift; sourceTree = "<group>"; };
		4F769F3F1F2042F2003FA23E /* Meal.swift */ = {isa = PBXFileReference; lastKnownFileType = sourcecode.swift; path = Meal.swift; sourceTree = "<group>"; };
/* End PBXFileReference section */

/* Begin PBXFrameworksBuildPhase section */
		4F2F2BA81F19A8E60033D399 /* Frameworks */ = {
			isa = PBXFrameworksBuildPhase;
			buildActionMask = 2147483647;
			files = (
			);
			runOnlyForDeploymentPostprocessing = 0;
		};
		4F2F2BBC1F19A8E60033D399 /* Frameworks */ = {
			isa = PBXFrameworksBuildPhase;
			buildActionMask = 2147483647;
			files = (
			);
			runOnlyForDeploymentPostprocessing = 0;
		};
		4F2F2BC71F19A8E70033D399 /* Frameworks */ = {
			isa = PBXFrameworksBuildPhase;
			buildActionMask = 2147483647;
			files = (
			);
			runOnlyForDeploymentPostprocessing = 0;
		};
/* End PBXFrameworksBuildPhase section */

/* Begin PBXGroup section */
		4F2F2BA21F19A8E60033D399 = {
			isa = PBXGroup;
			children = (
				4F2F2BAD1F19A8E60033D399 /* FoodTracker */,
				4F2F2BC21F19A8E70033D399 /* FoodTrackerTests */,
				4F2F2BCD1F19A8E70033D399 /* FoodTrackerUITests */,
				4F2F2BAC1F19A8E60033D399 /* Products */,
			);
			sourceTree = "<group>";
		};
		4F2F2BAC1F19A8E60033D399 /* Products */ = {
			isa = PBXGroup;
			children = (
				4F2F2BAB1F19A8E60033D399 /* FoodTracker.app */,
				4F2F2BBF1F19A8E70033D399 /* FoodTrackerTests.xctest */,
				4F2F2BCA1F19A8E70033D399 /* FoodTrackerUITests.xctest */,
			);
			name = Products;
			sourceTree = "<group>";
		};
		4F2F2BAD1F19A8E60033D399 /* FoodTracker */ = {
			isa = PBXGroup;
			children = (
				4F2F2BAE1F19A8E60033D399 /* AppDelegate.swift */,
				4F2F2BB01F19A8E60033D399 /* ViewController.swift */,
				4F769F3F1F2042F2003FA23E /* Meal.swift */,
				4F769F3D1F1EF561003FA23E /* RatingControl.swift */,
				4F2F2BB21F19A8E60033D399 /* Main.storyboard */,
				4F2F2BB51F19A8E60033D399 /* Assets.xcassets */,
				4F2F2BB71F19A8E60033D399 /* LaunchScreen.storyboard */,
				4F2F2BBA1F19A8E60033D399 /* Info.plist */,
			);
			path = FoodTracker;
			sourceTree = "<group>";
		};
		4F2F2BC21F19A8E70033D399 /* FoodTrackerTests */ = {
			isa = PBXGroup;
			children = (
				4F2F2BC31F19A8E70033D399 /* FoodTrackerTests.swift */,
				4F2F2BC51F19A8E70033D399 /* Info.plist */,
			);
			path = FoodTrackerTests;
			sourceTree = "<group>";
		};
		4F2F2BCD1F19A8E70033D399 /* FoodTrackerUITests */ = {
			isa = PBXGroup;
			children = (
				4F2F2BCE1F19A8E70033D399 /* FoodTrackerUITests.swift */,
				4F2F2BD01F19A8E70033D399 /* Info.plist */,
			);
			path = FoodTrackerUITests;
			sourceTree = "<group>";
		};
/* End PBXGroup section */

/* Begin PBXNativeTarget section */
		4F2F2BAA1F19A8E60033D399 /* FoodTracker */ = {
			isa = PBXNativeTarget;
			buildConfigurationList = 4F2F2BD31F19A8E70033D399 /* Build configuration list for PBXNativeTarget "FoodTracker" */;
			buildPhases = (
				4F2F2BA71F19A8E60033D399 /* Sources */,
				4F2F2BA81F19A8E60033D399 /* Frameworks */,
				4F2F2BA91F19A8E60033D399 /* Resources */,
			);
			buildRules = (
			);
			dependencies = (
			);
			name = FoodTracker;
			productName = FoodTracker;
			productReference = 4F2F2BAB1F19A8E60033D399 /* FoodTracker.app */;
			productType = "com.apple.product-type.application";
		};
		4F2F2BBE1F19A8E60033D399 /* FoodTrackerTests */ = {
			isa = PBXNativeTarget;
			buildConfigurationList = 4F2F2BD61F19A8E70033D399 /* Build configuration list for PBXNativeTarget "FoodTrackerTests" */;
			buildPhases = (
				4F2F2BBB1F19A8E60033D399 /* Sources */,
				4F2F2BBC1F19A8E60033D399 /* Frameworks */,
				4F2F2BBD1F19A8E60033D399 /* Resources */,
			);
			buildRules = (
			);
			dependencies = (
				4F2F2BC11F19A8E70033D399 /* PBXTargetDependency */,
			);
			name = FoodTrackerTests;
			productName = FoodTrackerTests;
			productReference = 4F2F2BBF1F19A8E70033D399 /* FoodTrackerTests.xctest */;
			productType = "com.apple.product-type.bundle.unit-test";
		};
		4F2F2BC91F19A8E70033D399 /* FoodTrackerUITests */ = {
			isa = PBXNativeTarget;
			buildConfigurationList = 4F2F2BD91F19A8E70033D399 /* Build configuration list for PBXNativeTarget "FoodTrackerUITests" */;
			buildPhases = (
				4F2F2BC61F19A8E70033D399 /* Sources */,
				4F2F2BC71F19A8E70033D399 /* Frameworks */,
				4F2F2BC81F19A8E70033D399 /* Resources */,
			);
			buildRules = (
			);
			dependencies = (
				4F2F2BCC1F19A8E70033D399 /* PBXTargetDependency */,
			);
			name = FoodTrackerUITests;
			productName = FoodTrackerUITests;
			productReference = 4F2F2BCA1F19A8E70033D399 /* FoodTrackerUITests.xctest */;
			productType = "com.apple.product-type.bundle.ui-testing";
		};
/* End PBXNativeTarget section */

/* Begin PBXProject section */
		4F2F2BA31F19A8E60033D399 /* Project object */ = {
			isa = PBXProject;
			attributes = {
				LastSwiftUpdateCheck = 0900;
				LastUpgradeCheck = 0900;
				ORGANIZATIONNAME = "Dan Goldin";
				TargetAttributes = {
					4F2F2BAA1F19A8E60033D399 = {
						CreatedOnToolsVersion = 9.0;
					};
					4F2F2BBE1F19A8E60033D399 = {
						CreatedOnToolsVersion = 9.0;
						TestTargetID = 4F2F2BAA1F19A8E60033D399;
					};
					4F2F2BC91F19A8E70033D399 = {
						CreatedOnToolsVersion = 9.0;
						TestTargetID = 4F2F2BAA1F19A8E60033D399;
					};
				};
			};
			buildConfigurationList = 4F2F2BA61F19A8E60033D399 /* Build configuration list for PBXProject "FoodTracker" */;
			compatibilityVersion = "Xcode 8.0";
			developmentRegion = en;
			hasScannedForEncodings = 0;
			knownRegions = (
				en,
				Base,
			);
			mainGroup = 4F2F2BA21F19A8E60033D399;
			productRefGroup = 4F2F2BAC1F19A8E60033D399 /* Products */;
			projectDirPath = "";
			projectRoot = "";
			targets = (
				4F2F2BAA1F19A8E60033D399 /* FoodTracker */,
				4F2F2BBE1F19A8E60033D399 /* FoodTrackerTests */,
				4F2F2BC91F19A8E70033D399 /* FoodTrackerUITests */,
			);
		};
/* End PBXProject section */

/* Begin PBXResourcesBuildPhase section */
		4F2F2BA91F19A8E60033D399 /* Resources */ = {
			isa = PBXResourcesBuildPhase;
			buildActionMask = 2147483647;
			files = (
				4F2F2BB91F19A8E60033D399 /* LaunchScreen.storyboard in Resources */,
				4F2F2BB61F19A8E60033D399 /* Assets.xcassets in Resources */,
				4F2F2BB41F19A8E60033D399 /* Main.storyboard in Resources */,
			);
			runOnlyForDeploymentPostprocessing = 0;
		};
		4F2F2BBD1F19A8E60033D399 /* Resources */ = {
			isa = PBXResourcesBuildPhase;
			buildActionMask = 2147483647;
			files = (
			);
			runOnlyForDeploymentPostprocessing = 0;
		};
		4F2F2BC81F19A8E70033D399 /* Resources */ = {
			isa = PBXResourcesBuildPhase;
			buildActionMask = 2147483647;
			files = (
			);
			runOnlyForDeploymentPostprocessing = 0;
		};
/* End PBXResourcesBuildPhase section */

/* Begin PBXSourcesBuildPhase section */
		4F2F2BA71F19A8E60033D399 /* Sources */ = {
			isa = PBXSourcesBuildPhase;
			buildActionMask = 2147483647;
			files = (
				4F769F401F2042F2003FA23E /* Meal.swift in Sources */,
				4F2F2BB11F19A8E60033D399 /* ViewController.swift in Sources */,
				4F769F3E1F1EF561003FA23E /* RatingControl.swift in Sources */,
				4F2F2BAF1F19A8E60033D399 /* AppDelegate.swift in Sources */,
			);
			runOnlyForDeploymentPostprocessing = 0;
		};
		4F2F2BBB1F19A8E60033D399 /* Sources */ = {
			isa = PBXSourcesBuildPhase;
			buildActionMask = 2147483647;
			files = (
				4F2F2BC41F19A8E70033D399 /* FoodTrackerTests.swift in Sources */,
			);
			runOnlyForDeploymentPostprocessing = 0;
		};
		4F2F2BC61F19A8E70033D399 /* Sources */ = {
			isa = PBXSourcesBuildPhase;
			buildActionMask = 2147483647;
			files = (
				4F2F2BCF1F19A8E70033D399 /* FoodTrackerUITests.swift in Sources */,
			);
			runOnlyForDeploymentPostprocessing = 0;
		};
/* End PBXSourcesBuildPhase section */

/* Begin PBXTargetDependency section */
		4F2F2BC11F19A8E70033D399 /* PBXTargetDependency */ = {
			isa = PBXTargetDependency;
			target = 4F2F2BAA1F19A8E60033D399 /* FoodTracker */;
			targetProxy = 4F2F2BC01F19A8E70033D399 /* PBXContainerItemProxy */;
		};
		4F2F2BCC1F19A8E70033D399 /* PBXTargetDependency */ = {
			isa = PBXTargetDependency;
			target = 4F2F2BAA1F19A8E60033D399 /* FoodTracker */;
			targetProxy = 4F2F2BCB1F19A8E70033D399 /* PBXContainerItemProxy */;
		};
/* End PBXTargetDependency section */

/* Begin PBXVariantGroup section */
		4F2F2BB21F19A8E60033D399 /* Main.storyboard */ = {
			isa = PBXVariantGroup;
			children = (
				4F2F2BB31F19A8E60033D399 /* Base */,
			);
			name = Main.storyboard;
			sourceTree = "<group>";
		};
		4F2F2BB71F19A8E60033D399 /* LaunchScreen.storyboard */ = {
			isa = PBXVariantGroup;
			children = (
				4F2F2BB81F19A8E60033D399 /* Base */,
			);
			name = LaunchScreen.storyboard;
			sourceTree = "<group>";
		};
/* End PBXVariantGroup section */

/* Begin XCBuildConfiguration section */
		4F2F2BD11F19A8E70033D399 /* Debug */ = {
			isa = XCBuildConfiguration;
			buildSettings = {
				ALWAYS_SEARCH_USER_PATHS = NO;
				CLANG_ANALYZER_NONNULL = YES;
				CLANG_ANALYZER_NUMBER_OBJECT_CONVERSION = YES_AGGRESSIVE;
				CLANG_CXX_LANGUAGE_STANDARD = "gnu++14";
				CLANG_CXX_LIBRARY = "libc++";
				CLANG_ENABLE_MODULES = YES;
				CLANG_ENABLE_OBJC_ARC = YES;
				CLANG_WARN_BLOCK_CAPTURE_AUTORELEASING = YES;
				CLANG_WARN_BOOL_CONVERSION = YES;
				CLANG_WARN_COMMA = YES;
				CLANG_WARN_CONSTANT_CONVERSION = YES;
				CLANG_WARN_DIRECT_OBJC_ISA_USAGE = YES_ERROR;
				CLANG_WARN_DOCUMENTATION_COMMENTS = YES;
				CLANG_WARN_EMPTY_BODY = YES;
				CLANG_WARN_ENUM_CONVERSION = YES;
				CLANG_WARN_INFINITE_RECURSION = YES;
				CLANG_WARN_INT_CONVERSION = YES;
				CLANG_WARN_OBJC_ROOT_CLASS = YES_ERROR;
				CLANG_WARN_RANGE_LOOP_ANALYSIS = YES;
				CLANG_WARN_STRICT_PROTOTYPES = YES;
				CLANG_WARN_SUSPICIOUS_MOVE = YES;
				CLANG_WARN_UNGUARDED_AVAILABILITY = YES_AGGRESSIVE;
				CLANG_WARN_UNREACHABLE_CODE = YES;
				CLANG_WARN__DUPLICATE_METHOD_MATCH = YES;
				CODE_SIGN_IDENTITY = "iPhone Developer";
				COPY_PHASE_STRIP = NO;
				DEBUG_INFORMATION_FORMAT = dwarf;
				ENABLE_STRICT_OBJC_MSGSEND = YES;
				ENABLE_TESTABILITY = YES;
				GCC_C_LANGUAGE_STANDARD = gnu11;
				GCC_DYNAMIC_NO_PIC = NO;
				GCC_NO_COMMON_BLOCKS = YES;
				GCC_OPTIMIZATION_LEVEL = 0;
				GCC_PREPROCESSOR_DEFINITIONS = (
					"DEBUG=1",
					"$(inherited)",
				);
				GCC_WARN_64_TO_32_BIT_CONVERSION = YES;
				GCC_WARN_ABOUT_RETURN_TYPE = YES_ERROR;
				GCC_WARN_UNDECLARED_SELECTOR = YES;
				GCC_WARN_UNINITIALIZED_AUTOS = YES_AGGRESSIVE;
				GCC_WARN_UNUSED_FUNCTION = YES;
				GCC_WARN_UNUSED_VARIABLE = YES;
				IPHONEOS_DEPLOYMENT_TARGET = 11.0;
				MTL_ENABLE_DEBUG_INFO = YES;
				ONLY_ACTIVE_ARCH = YES;
				SDKROOT = iphoneos;
				SWIFT_ACTIVE_COMPILATION_CONDITIONS = DEBUG;
				SWIFT_OPTIMIZATION_LEVEL = "-Onone";
			};
			name = Debug;
		};
		4F2F2BD21F19A8E70033D399 /* Release */ = {
			isa = XCBuildConfiguration;
			buildSettings = {
				ALWAYS_SEARCH_USER_PATHS = NO;
				CLANG_ANALYZER_NONNULL = YES;
				CLANG_ANALYZER_NUMBER_OBJECT_CONVERSION = YES_AGGRESSIVE;
				CLANG_CXX_LANGUAGE_STANDARD = "gnu++14";
				CLANG_CXX_LIBRARY = "libc++";
				CLANG_ENABLE_MODULES = YES;
				CLANG_ENABLE_OBJC_ARC = YES;
				CLANG_WARN_BLOCK_CAPTURE_AUTORELEASING = YES;
				CLANG_WARN_BOOL_CONVERSION = YES;
				CLANG_WARN_COMMA = YES;
				CLANG_WARN_CONSTANT_CONVERSION = YES;
				CLANG_WARN_DIRECT_OBJC_ISA_USAGE = YES_ERROR;
				CLANG_WARN_DOCUMENTATION_COMMENTS = YES;
				CLANG_WARN_EMPTY_BODY = YES;
				CLANG_WARN_ENUM_CONVERSION = YES;
				CLANG_WARN_INFINITE_RECURSION = YES;
				CLANG_WARN_INT_CONVERSION = YES;
				CLANG_WARN_OBJC_ROOT_CLASS = YES_ERROR;
				CLANG_WARN_RANGE_LOOP_ANALYSIS = YES;
				CLANG_WARN_STRICT_PROTOTYPES = YES;
				CLANG_WARN_SUSPICIOUS_MOVE = YES;
				CLANG_WARN_UNGUARDED_AVAILABILITY = YES_AGGRESSIVE;
				CLANG_WARN_UNREACHABLE_CODE = YES;
				CLANG_WARN__DUPLICATE_METHOD_MATCH = YES;
				CODE_SIGN_IDENTITY = "iPhone Developer";
				COPY_PHASE_STRIP = NO;
				DEBUG_INFORMATION_FORMAT = "dwarf-with-dsym";
				ENABLE_NS_ASSERTIONS = NO;
				ENABLE_STRICT_OBJC_MSGSEND = YES;
				GCC_C_LANGUAGE_STANDARD = gnu11;
				GCC_NO_COMMON_BLOCKS = YES;
				GCC_WARN_64_TO_32_BIT_CONVERSION = YES;
				GCC_WARN_ABOUT_RETURN_TYPE = YES_ERROR;
				GCC_WARN_UNDECLARED_SELECTOR = YES;
				GCC_WARN_UNINITIALIZED_AUTOS = YES_AGGRESSIVE;
				GCC_WARN_UNUSED_FUNCTION = YES;
				GCC_WARN_UNUSED_VARIABLE = YES;
				IPHONEOS_DEPLOYMENT_TARGET = 11.0;
				MTL_ENABLE_DEBUG_INFO = NO;
				SDKROOT = iphoneos;
				SWIFT_OPTIMIZATION_LEVEL = "-Owholemodule";
				VALIDATE_PRODUCT = YES;
			};
			name = Release;
		};
		4F2F2BD41F19A8E70033D399 /* Debug */ = {
			isa = XCBuildConfiguration;
			buildSettings = {
				ASSETCATALOG_COMPILER_APPICON_NAME = AppIcon;
				DEVELOPMENT_TEAM = 3X292L228U;
				INFOPLIST_FILE = FoodTracker/Info.plist;
				LD_RUNPATH_SEARCH_PATHS = "$(inherited) @executable_path/Frameworks";
				PRODUCT_BUNDLE_IDENTIFIER = com.example.FoodTracker;
				PRODUCT_NAME = "$(TARGET_NAME)";
				SWIFT_VERSION = 4.0;
				TARGETED_DEVICE_FAMILY = "1,2";
			};
			name = Debug;
		};
		4F2F2BD51F19A8E70033D399 /* Release */ = {
			isa = XCBuildConfiguration;
			buildSettings = {
				ASSETCATALOG_COMPILER_APPICON_NAME = AppIcon;
				DEVELOPMENT_TEAM = 3X292L228U;
				INFOPLIST_FILE = FoodTracker/Info.plist;
				LD_RUNPATH_SEARCH_PATHS = "$(inherited) @executable_path/Frameworks";
				PRODUCT_BUNDLE_IDENTIFIER = com.example.FoodTracker;
				PRODUCT_NAME = "$(TARGET_NAME)";
				SWIFT_VERSION = 4.0;
				TARGETED_DEVICE_FAMILY = "1,2";
			};
			name = Release;
		};
		4F2F2BD71F19A8E70033D399 /* Debug */ = {
			isa = XCBuildConfiguration;
			buildSettings = {
				ALWAYS_EMBED_SWIFT_STANDARD_LIBRARIES = YES;
				BUNDLE_LOADER = "$(TEST_HOST)";
				DEVELOPMENT_TEAM = 3X292L228U;
				INFOPLIST_FILE = FoodTrackerTests/Info.plist;
				LD_RUNPATH_SEARCH_PATHS = "$(inherited) @executable_path/Frameworks @loader_path/Frameworks";
				PRODUCT_BUNDLE_IDENTIFIER = com.example.FoodTrackerTests;
				PRODUCT_NAME = "$(TARGET_NAME)";
				SWIFT_VERSION = 4.0;
				TARGETED_DEVICE_FAMILY = "1,2";
				TEST_HOST = "$(BUILT_PRODUCTS_DIR)/FoodTracker.app/FoodTracker";
			};
			name = Debug;
		};
		4F2F2BD81F19A8E70033D399 /* Release */ = {
			isa = XCBuildConfiguration;
			buildSettings = {
				ALWAYS_EMBED_SWIFT_STANDARD_LIBRARIES = YES;
				BUNDLE_LOADER = "$(TEST_HOST)";
				DEVELOPMENT_TEAM = 3X292L228U;
				INFOPLIST_FILE = FoodTrackerTests/Info.plist;
				LD_RUNPATH_SEARCH_PATHS = "$(inherited) @executable_path/Frameworks @loader_path/Frameworks";
				PRODUCT_BUNDLE_IDENTIFIER = com.example.FoodTrackerTests;
				PRODUCT_NAME = "$(TARGET_NAME)";
				SWIFT_VERSION = 4.0;
				TARGETED_DEVICE_FAMILY = "1,2";
				TEST_HOST = "$(BUILT_PRODUCTS_DIR)/FoodTracker.app/FoodTracker";
			};
			name = Release;
		};
		4F2F2BDA1F19A8E70033D399 /* Debug */ = {
			isa = XCBuildConfiguration;
			buildSettings = {
				ALWAYS_EMBED_SWIFT_STANDARD_LIBRARIES = YES;
				DEVELOPMENT_TEAM = 3X292L228U;
				INFOPLIST_FILE = FoodTrackerUITests/Info.plist;
				LD_RUNPATH_SEARCH_PATHS = "$(inherited) @executable_path/Frameworks @loader_path/Frameworks";
				PRODUCT_BUNDLE_IDENTIFIER = com.example.FoodTrackerUITests;
				PRODUCT_NAME = "$(TARGET_NAME)";
				SWIFT_VERSION = 4.0;
				TARGETED_DEVICE_FAMILY = "1,2";
				TEST_TARGET_NAME = FoodTracker;
			};
			name = Debug;
		};
		4F2F2BDB1F19A8E70033D399 /* Release */ = {
			isa = XCBuildConfiguration;
			buildSettings = {
				ALWAYS_EMBED_SWIFT_STANDARD_LIBRARIES = YES;
				DEVELOPMENT_TEAM = 3X292L228U;
				INFOPLIST_FILE = FoodTrackerUITests/Info.plist;
				LD_RUNPATH_SEARCH_PATHS = "$(inherited) @executable_path/Frameworks @loader_path/Frameworks";
				PRODUCT_BUNDLE_IDENTIFIER = com.example.FoodTrackerUITests;
				PRODUCT_NAME = "$(TARGET_NAME)";
				SWIFT_VERSION = 4.0;
				TARGETED_DEVICE_FAMILY = "1,2";
				TEST_TARGET_NAME = FoodTracker;
			};
			name = Release;
		};
/* End XCBuildConfiguration section */

/* Begin XCConfigurationList section */
		4F2F2BA61F19A8E60033D399 /* Build configuration list for PBXProject "FoodTracker" */ = {
			isa = XCConfigurationList;
			buildConfigurations = (
				4F2F2BD11F19A8E70033D399 /* Debug */,
				4F2F2BD21F19A8E70033D399 /* Release */,
			);
			defaultConfigurationIsVisible = 0;
			defaultConfigurationName = Release;
		};
		4F2F2BD31F19A8E70033D399 /* Build configuration list for PBXNativeTarget "FoodTracker" */ = {
			isa = XCConfigurationList;
			buildConfigurations = (
				4F2F2BD41F19A8E70033D399 /* Debug */,
				4F2F2BD51F19A8E70033D399 /* Release */,
			);
			defaultConfigurationIsVisible = 0;
			defaultConfigurationName = Release;
		};
		4F2F2BD61F19A8E70033D399 /* Build configuration list for PBXNativeTarget "FoodTrackerTests" */ = {
			isa = XCConfigurationList;
			buildConfigurations = (
				4F2F2BD71F19A8E70033D399 /* Debug */,
				4F2F2BD81F19A8E70033D399 /* Release */,
			);
			defaultConfigurationIsVisible = 0;
			defaultConfigurationName = Release;
		};
		4F2F2BD91F19A8E70033D399 /* Build configuration list for PBXNativeTarget "FoodTrackerUITests" */ = {
			isa = XCConfigurationList;
			buildConfigurations = (
				4F2F2BDA1F19A8E70033D399 /* Debug */,
				4F2F2BDB1F19A8E70033D399 /* Release */,
			);
			defaultConfigurationIsVisible = 0;
			defaultConfigurationName = Release;
		};
/* End XCConfigurationList section */
	};
	rootObject = 4F2F2BA31F19A8E60033D399 /* Project object */;
}
